
Microsoft Visual Studio Solution File, Format Version 12.00
# Visual Studio Version 17
VisualStudioVersion = 17.9.34728.123
MinimumVisualStudioVersion = 10.0.40219.1
Project("{888888A0-9F3D-457C-B088-3A5042F75D52}") = "MapearMidi", "MapearMidi.pyproj", "{4686F652-628A-442E-90D1-3EF05D7B1454}"
EndProject
Global
	GlobalSection(SolutionConfigurationPlatforms) = preSolution
		Debug|Any CPU = Debug|Any CPU
		Release|Any CPU = Release|Any CPU
	EndGlobalSection
	GlobalSection(ProjectConfigurationPlatforms) = postSolution
		{4686F652-628A-442E-90D1-3EF05D7B1454}.Debug|Any CPU.ActiveCfg = Debug|Any CPU
		{4686F652-628A-442E-90D1-3EF05D7B1454}.Release|Any CPU.ActiveCfg = Release|Any CPU
	EndGlobalSection
	GlobalSection(SolutionProperties) = preSolution
		HideSolutionNode = FALSE
	EndGlobalSection
	GlobalSection(ExtensibilityGlobals) = postSolution
		SolutionGuid = {196AE85E-8FBE-49ED-929D-ABED7E8AD007}
	EndGlobalSection
EndGlobal
